
Microsoft Visual Studio Solution File, Format Version 12.00
# Visual Studio Version 17
VisualStudioVersion = 17.2.32526.322
MinimumVisualStudioVersion = 10.0.40219.1
Project("{FAE04EC0-301F-11D3-BF4B-00C04F79EFBC}") = "FixCSVAssignment", "FixCSVAssignment\FixCSVAssignment.csproj", "{719B3651-BC99-40F7-BF72-DB472086CE89}"
EndProject
Global
	GlobalSection(SolutionConfigurationPlatforms) = preSolution
		Debug|Any CPU = Debug|Any CPU
		Release|Any CPU = Release|Any CPU
	EndGlobalSection
	GlobalSection(ProjectConfigurationPlatforms) = postSolution
		{719B3651-BC99-40F7-BF72-DB472086CE89}.Debug|Any CPU.ActiveCfg = Debug|Any CPU
		{719B3651-BC99-40F7-BF72-DB472086CE89}.Debug|Any CPU.Build.0 = Debug|Any CPU
		{719B3651-BC99-40F7-BF72-DB472086CE89}.Release|Any CPU.ActiveCfg = Release|Any CPU
		{719B3651-BC99-40F7-BF72-DB472086CE89}.Release|Any CPU.Build.0 = Release|Any CPU
	EndGlobalSection
	GlobalSection(SolutionProperties) = preSolution
		HideSolutionNode = FALSE
	EndGlobalSection
	GlobalSection(ExtensibilityGlobals) = postSolution
		SolutionGuid = {0A1DBB43-7C4E-4345-AD51-209FC5AEB766}
	EndGlobalSection
EndGlobal
